
Microsoft Visual Studio Solution File, Format Version 12.00
# Visual Studio Version 17
VisualStudioVersion = 17.5.33502.453
MinimumVisualStudioVersion = 10.0.40219.1
Project("{FAE04EC0-301F-11D3-BF4B-00C04F79EFBC}") = "Using-with-files", "Using-with-files\Using-with-files.csproj", "{5B090FFD-236B-491B-8790-E65456DA5CEB}"
EndProject
Global
	GlobalSection(SolutionConfigurationPlatforms) = preSolution
		Debug|Any CPU = Debug|Any CPU
		Release|Any CPU = Release|Any CPU
	EndGlobalSection
	GlobalSection(ProjectConfigurationPlatforms) = postSolution
		{5B090FFD-236B-491B-8790-E65456DA5CEB}.Debug|Any CPU.ActiveCfg = Debug|Any CPU
		{5B090FFD-236B-491B-8790-E65456DA5CEB}.Debug|Any CPU.Build.0 = Debug|Any CPU
		{5B090FFD-236B-491B-8790-E65456DA5CEB}.Release|Any CPU.ActiveCfg = Release|Any CPU
		{5B090FFD-236B-491B-8790-E65456DA5CEB}.Release|Any CPU.Build.0 = Release|Any CPU
	EndGlobalSection
	GlobalSection(SolutionProperties) = preSolution
		HideSolutionNode = FALSE
	EndGlobalSection
	GlobalSection(ExtensibilityGlobals) = postSolution
		SolutionGuid = {1B0A5AEE-BF30-447F-904E-12C899DA9322}
	EndGlobalSection
EndGlobal
